{
    "name": "weinre-cf-tunnel",
    "version": "1.0.0",
    "lockfileVersion": 2,
    "requires": true,
    "packages": {
        "": {
            "name": "weinre-cf-tunnel",
            "version": "1.0.0",
            "dependencies": {
                "cloudflared": "0.7.0",
                "weinre": "^2.0.0-pre-I0Z7U9OV"
            }
        },
        "node_modules/abbrev": {
            "version": "1.1.1",
            "resolved": "https://registry.npmjs.org/abbrev/-/abbrev-1.1.1.tgz",
            "integrity": "sha512-nne9/IiQ/hzIhY6pdDnbBtz7DjPTKrY00P/zvPSm5pOFkl6xuGrGnXn/VtTNNfNtAfZ9/1RtehkszU9qcTii0Q=="
        },
        "node_modules/cloudflared": {
            "version": "0.7.0",
            "resolved": "https://registry.npmjs.org/cloudflared/-/cloudflared-0.7.0.tgz",
            "integrity": "sha512-CB60WqD8N/ZoT3cNVlLai8X4fIk9bY3cfx7/7h8RAi1LDrEe/ioZS9Fin3ohr9pKrzXGStiYKtm6qPyFbx3S6w==",
            "hasInstallScript": true,
            "bin": {
                "cloudflared": "lib/cloudflared.js"
            }
        },
        "node_modules/connect": {
            "version": "1.9.2",
            "resolved": "https://registry.npmjs.org/connect/-/connect-1.9.2.tgz",
            "integrity": "sha512-6Z9RPjQOHjaI47gK385djHVv7SEkRm1Y9AAvBhiI7gSXpO5sFktTkAD+dkbcaiEo2xaNlS1KIJU3XRxqbPLx6w==",
            "deprecated": "connect 1.x series is deprecated",
            "dependencies": {
                "formidable": "1.0.x",
                "mime": ">= 0.0.1",
                "qs": ">= 0.4.0"
            }
        },
        "node_modules/express": {
            "version": "2.5.11",
            "resolved": "https://registry.npmjs.org/express/-/express-2.5.11.tgz",
            "integrity": "sha512-gc3jJ0P3Bh1Zjkxe0ICSNmjhDvYWKiXfQIdDWuRPr8S4IZAZexzJHjrzNz56LsRKHTL0OiXQq602GfwZjZ8xPQ==",
            "deprecated": "express 2.x series is deprecated",
            "dependencies": {
                "connect": "1.x",
                "mime": "1.2.4",
                "mkdirp": "0.3.0",
                "qs": "0.4.x"
            },
            "bin": {
                "express": "bin/express"
            }
        },
        "node_modules/formidable": {
            "version": "1.0.17",
            "resolved": "https://registry.npmjs.org/formidable/-/formidable-1.0.17.tgz",
            "integrity": "sha512-95MFT5qipMvUiesmuvGP1BI4hh5XWCzyTapiNJ/k8JBQda7rPy7UCWYItz2uZEdTgGNy1eInjzlL9Wx1O9fedg==",
            "deprecated": "Please upgrade to latest, formidable@v2 or formidable@v3! Check these notes: https://bit.ly/2ZEqIau",
            "engines": {
                "node": ">=0.8.0"
            }
        },
        "node_modules/mime": {
            "version": "1.2.4",
            "resolved": "https://registry.npmjs.org/mime/-/mime-1.2.4.tgz",
            "integrity": "sha512-u4y8WFj7SnfbHxyzCMSV2nL/GKbfZ+lidPf1V4/XUKCJ49N6ttQWp/xnqpbMQEx3naBSt93i2qtPLFj/mjPDaA==",
            "engines": {
                "node": "*"
            }
        },
        "node_modules/mkdirp": {
            "version": "0.3.0",
            "resolved": "https://registry.npmjs.org/mkdirp/-/mkdirp-0.3.0.tgz",
            "integrity": "sha512-OHsdUcVAQ6pOtg5JYWpCBo9W/GySVuwvP9hueRMW7UqshC0tbfzLv8wjySTPm3tfUZ/21CE9E1pJagOA91Pxew==",
            "deprecated": "Legacy versions of mkdirp are no longer supported. Please update to mkdirp 1.x. (Note that the API surface has changed to use Promises in 1.x.)",
            "engines": {
                "node": "*"
            }
        },
        "node_modules/nopt": {
            "version": "3.0.6",
            "resolved": "https://registry.npmjs.org/nopt/-/nopt-3.0.6.tgz",
            "integrity": "sha512-4GUt3kSEYmk4ITxzB/b9vaIDfUVWN/Ml1Fwl11IlnIG2iaJ9O6WXZ9SrYM9NLI8OCBieN2Y8SWC2oJV0RQ7qYg==",
            "dependencies": {
                "abbrev": "1"
            },
            "bin": {
                "nopt": "bin/nopt.js"
            }
        },
        "node_modules/qs": {
            "version": "0.4.2",
            "resolved": "https://registry.npmjs.org/qs/-/qs-0.4.2.tgz",
            "integrity": "sha512-VAtfWeUtlBOnGiWFok2vOIMmwumiLmpqXDcXQcAEIQmLYgDbjrkHrcFBfth+YVDeRsz7jX44dhJr7IBJR0t/FQ==",
            "engines": {
                "node": "*"
            }
        },
        "node_modules/underscore": {
            "version": "1.7.0",
            "resolved": "https://registry.npmjs.org/underscore/-/underscore-1.7.0.tgz",
            "integrity": "sha512-cp0oQQyZhUM1kpJDLdGO1jPZHgS/MpzoWYfe9+CM2h/QGDZlqwT2T3YGukuBdaNJ/CAPoeyAZRRHz8JFo176vA=="
        },
        "node_modules/weinre": {
            "version": "2.0.0-pre-I0Z7U9OV",
            "resolved": "https://registry.npmjs.org/weinre/-/weinre-2.0.0-pre-I0Z7U9OV.tgz",
            "integrity": "sha512-l8rWuEAuF9s3B0cd3ZKTf9tyM75HIzb/sAaSFbv5Rv/7Smlumt+5+cuNvVNrxW5a3v0KnhuulV/SyZUFqd24Ew==",
            "dependencies": {
                "express": "2.5.x",
                "nopt": "3.0.x",
                "underscore": "1.7.x"
            },
            "bin": {
                "weinre": "weinre"
            },
            "engines": {
                "node": ">=0.6.0"
            }
        }
    },
    "dependencies": {
        "abbrev": {
            "version": "1.1.1",
            "resolved": "https://registry.npmjs.org/abbrev/-/abbrev-1.1.1.tgz",
            "integrity": "sha512-nne9/IiQ/hzIhY6pdDnbBtz7DjPTKrY00P/zvPSm5pOFkl6xuGrGnXn/VtTNNfNtAfZ9/1RtehkszU9qcTii0Q=="
        },
        "cloudflared": {
            "version": "0.7.0",
            "resolved": "https://registry.npmjs.org/cloudflared/-/cloudflared-0.7.0.tgz",
            "integrity": "sha512-CB60WqD8N/ZoT3cNVlLai8X4fIk9bY3cfx7/7h8RAi1LDrEe/ioZS9Fin3ohr9pKrzXGStiYKtm6qPyFbx3S6w=="
        },
        "connect": {
            "version": "1.9.2",
            "resolved": "https://registry.npmjs.org/connect/-/connect-1.9.2.tgz",
            "integrity": "sha512-6Z9RPjQOHjaI47gK385djHVv7SEkRm1Y9AAvBhiI7gSXpO5sFktTkAD+dkbcaiEo2xaNlS1KIJU3XRxqbPLx6w==",
            "requires": {
                "formidable": "1.0.x",
                "mime": ">= 0.0.1",
                "qs": ">= 0.4.0"
            }
        },
        "express": {
            "version": "2.5.11",
            "resolved": "https://registry.npmjs.org/express/-/express-2.5.11.tgz",
            "integrity": "sha512-gc3jJ0P3Bh1Zjkxe0ICSNmjhDvYWKiXfQIdDWuRPr8S4IZAZexzJHjrzNz56LsRKHTL0OiXQq602GfwZjZ8xPQ==",
            "requires": {
                "connect": "1.x",
                "mime": "1.2.4",
                "mkdirp": "0.3.0",
                "qs": "0.4.x"
            }
        },
        "formidable": {
            "version": "1.0.17",
            "resolved": "https://registry.npmjs.org/formidable/-/formidable-1.0.17.tgz",
            "integrity": "sha512-95MFT5qipMvUiesmuvGP1BI4hh5XWCzyTapiNJ/k8JBQda7rPy7UCWYItz2uZEdTgGNy1eInjzlL9Wx1O9fedg=="
        },
        "mime": {
            "version": "1.2.4",
            "resolved": "https://registry.npmjs.org/mime/-/mime-1.2.4.tgz",
            "integrity": "sha512-u4y8WFj7SnfbHxyzCMSV2nL/GKbfZ+lidPf1V4/XUKCJ49N6ttQWp/xnqpbMQEx3naBSt93i2qtPLFj/mjPDaA=="
        },
        "mkdirp": {
            "version": "0.3.0",
            "resolved": "https://registry.npmjs.org/mkdirp/-/mkdirp-0.3.0.tgz",
            "integrity": "sha512-OHsdUcVAQ6pOtg5JYWpCBo9W/GySVuwvP9hueRMW7UqshC0tbfzLv8wjySTPm3tfUZ/21CE9E1pJagOA91Pxew=="
        },
        "nopt": {
            "version": "3.0.6",
            "resolved": "https://registry.npmjs.org/nopt/-/nopt-3.0.6.tgz",
            "integrity": "sha512-4GUt3kSEYmk4ITxzB/b9vaIDfUVWN/Ml1Fwl11IlnIG2iaJ9O6WXZ9SrYM9NLI8OCBieN2Y8SWC2oJV0RQ7qYg==",
            "requires": {
                "abbrev": "1"
            }
        },
        "qs": {
            "version": "0.4.2",
            "resolved": "https://registry.npmjs.org/qs/-/qs-0.4.2.tgz",
            "integrity": "sha512-VAtfWeUtlBOnGiWFok2vOIMmwumiLmpqXDcXQcAEIQmLYgDbjrkHrcFBfth+YVDeRsz7jX44dhJr7IBJR0t/FQ=="
        },
        "underscore": {
            "version": "1.7.0",
            "resolved": "https://registry.npmjs.org/underscore/-/underscore-1.7.0.tgz",
            "integrity": "sha512-cp0oQQyZhUM1kpJDLdGO1jPZHgS/MpzoWYfe9+CM2h/QGDZlqwT2T3YGukuBdaNJ/CAPoeyAZRRHz8JFo176vA=="
        },
        "weinre": {
            "version": "2.0.0-pre-I0Z7U9OV",
            "resolved": "https://registry.npmjs.org/weinre/-/weinre-2.0.0-pre-I0Z7U9OV.tgz",
            "integrity": "sha512-l8rWuEAuF9s3B0cd3ZKTf9tyM75HIzb/sAaSFbv5Rv/7Smlumt+5+cuNvVNrxW5a3v0KnhuulV/SyZUFqd24Ew==",
            "requires": {
                "express": "2.5.x",
                "nopt": "3.0.x",
                "underscore": "1.7.x"
            }
        }
    }
}
